
Microsoft Visual Studio Solution File, Format Version 12.00
# Visual Studio Version 17
VisualStudioVersion = 17.5.002.0
MinimumVisualStudioVersion = 10.0.40219.1
Project("{9A19103F-16F7-4668-BE54-9A1E7A4F7556}") = "webapi", "webapi.csproj", "{B9854CF6-5763-4AF9-BB2A-5389F1557945}"
EndProject
Global
	GlobalSection(SolutionConfigurationPlatforms) = preSolution
		Debug|Any CPU = Debug|Any CPU
		Release|Any CPU = Release|Any CPU
	EndGlobalSection
	GlobalSection(ProjectConfigurationPlatforms) = postSolution
		{B9854CF6-5763-4AF9-BB2A-5389F1557945}.Debug|Any CPU.ActiveCfg = Debug|Any CPU
		{B9854CF6-5763-4AF9-BB2A-5389F1557945}.Debug|Any CPU.Build.0 = Debug|Any CPU
		{B9854CF6-5763-4AF9-BB2A-5389F1557945}.Release|Any CPU.ActiveCfg = Release|Any CPU
		{B9854CF6-5763-4AF9-BB2A-5389F1557945}.Release|Any CPU.Build.0 = Release|Any CPU
	EndGlobalSection
	GlobalSection(SolutionProperties) = preSolution
		HideSolutionNode = FALSE
	EndGlobalSection
	GlobalSection(ExtensibilityGlobals) = postSolution
		SolutionGuid = {06936A7F-1DF6-49DA-B2D5-29CC28217880}
	EndGlobalSection
EndGlobal
